// !$*UTF8*$!
{
	archiveVersion = 1;
	classes = {
	};
	objectVersion = 77;
	objects = {

/* Begin PBXBuildFile section */
		08095B79379073E5CDB6A8AF /* Assets.xcassets in Resources */ = {isa = PBXBuildFile; fileRef = 88C421BA492019C7EFFFFEC2 /* Assets.xcassets */; };
		8C7EB7331C3F5EADCC6E5E3F /* Assets.xcassets in Resources */ = {isa = PBXBuildFile; fileRef = 88C421BA492019C7EFFFFEC2 /* Assets.xcassets */; };
		08CAE39503D01547D187531D /* UI/ContentView.swift in Sources */ = {isa = PBXBuildFile; fileRef = CF606A6964524077E9B2C2AC /* UI/ContentView.swift */; };
		0CDB668F1E8A810797CB0465 /* SSH/SSHTunnel.swift in Sources */ = {isa = PBXBuildFile; fileRef = 6AC6C4B80F017969CEB19B06 /* SSH/SSHTunnel.swift */; };
		491A36E51AE41F8C761D6514 /* Infrastructure/KeychainStore.swift in Sources */ = {isa = PBXBuildFile; fileRef = 05662699AFF90DD439C2E9F5 /* Infrastructure/KeychainStore.swift */; };
		6344D9938425496018D4A0B5 /* UI/ServerInfoView.swift in Sources */ = {isa = PBXBuildFile; fileRef = 288450F3CEC2CFCC1BF4B8C8 /* UI/ServerInfoView.swift */; };
		7EEE9F0E74615C5D4FBC55CD /* Infrastructure/AsyncTimeout.swift in Sources */ = {isa = PBXBuildFile; fileRef = E1202E9EAD648CAADB72313E /* Infrastructure/AsyncTimeout.swift */; };
		8EB4B86D1FCDB0A2C0F4451A /* Application/AppTheme.swift in Sources */ = {isa = PBXBuildFile; fileRef = 05BE6CF64F60ACC797244A8A /* Application/AppTheme.swift */; };
		9FB4F5632F37B1E97961E43E /* Redis/RESPParser.swift in Sources */ = {isa = PBXBuildFile; fileRef = 192713478BAB4601F8037492 /* Redis/RESPParser.swift */; };
		C1A5F0E7A4B94C3D9E613002 /* Redis/RedisClusterClient.swift in Sources */ = {isa = PBXBuildFile; fileRef = C1A5F0E7A4B94C3D9E613001 /* Redis/RedisClusterClient.swift */; };
		E31A8F9B6C2D4A5F90123456 /* Redis/RedisMonitorClient.swift in Sources */ = {isa = PBXBuildFile; fileRef = E31A8F9B6C2D4A5F90123457 /* Redis/RedisMonitorClient.swift */; };
		AB6F7C1F3AC67F0D90BD9528 /* Redis/RedisClient.swift in Sources */ = {isa = PBXBuildFile; fileRef = 6FC45097D404559C7802F7F8 /* Redis/RedisClient.swift */; };
		B9C592A7C9F4F9D39812897B /* NIOSSH in Frameworks */ = {isa = PBXBuildFile; productRef = 6FBB135E6C4D2D0FB8D15AC7 /* NIOSSH */; };
		BE71ED9FA189175A079FB476 /* Application/AppState.swift in Sources */ = {isa = PBXBuildFile; fileRef = D620F14F7D75D74C01119464 /* Application/AppState.swift */; };
		E31A8F9B6C2D4A5F90123458 /* UI/ProfilerView.swift in Sources */ = {isa = PBXBuildFile; fileRef = E31A8F9B6C2D4A5F90123459 /* UI/ProfilerView.swift */; };
		D6C7D69ABDED21BD3BD0090B /* UI/ShellView.swift in Sources */ = {isa = PBXBuildFile; fileRef = 4A8D6099DE77854253F3FD15 /* UI/ShellView.swift */; };
		D88BEDDC62ACB7432ACD4694 /* UI/BrowserView.swift in Sources */ = {isa = PBXBuildFile; fileRef = FACEB586CD12D0873A8718B1 /* UI/BrowserView.swift */; };
		A1B2C3D4E5F6789012345678 /* UI/PersistentSplitView.swift in Sources */ = {isa = PBXBuildFile; fileRef = F9E8D7C6B5A43210FEDCBA09 /* UI/PersistentSplitView.swift */; };
		F0DD9FE630F55BD002EE819B /* Application/AppLogger.swift in Sources */ = {isa = PBXBuildFile; fileRef = 89E8633A52269F80A7F6FDA1 /* Application/AppLogger.swift */; };
		027F421A3802B3F7AA0FF5C4 /* Assets.xcassets in Resources */ = {isa = PBXBuildFile; fileRef = 88C421BA492019C7EFFFFEC2 /* Assets.xcassets */; };
		C4166411BD7E73C24B17A9B2 /* Application/ConnectionModels.swift in Sources */ = {isa = PBXBuildFile; fileRef = B8284803F8863D0A2876D242 /* Application/ConnectionModels.swift */; };
		A871A43D5B5961206589CE85 /* Application/RedisKeyModels.swift in Sources */ = {isa = PBXBuildFile; fileRef = 710CED61DCB593AB5FAB3D09 /* Application/RedisKeyModels.swift */; };
		17D52614402A8F13019977E4 /* Application/ShellHistoryEntry.swift in Sources */ = {isa = PBXBuildFile; fileRef = 7AD6F67E69F6D7F21DBA9918 /* Application/ShellHistoryEntry.swift */; };
		1308F6C13A5CC23A9D3F8CA7 /* Application/RedisProfilerModels.swift in Sources */ = {isa = PBXBuildFile; fileRef = 17A045CD0D1ACB98D3834EB9 /* Application/RedisProfilerModels.swift */; };
		38CC641D3286AA0C9E3F13BA /* Application/AppStore.swift in Sources */ = {isa = PBXBuildFile; fileRef = F59767EE7E02A667EEC3A156 /* Application/AppStore.swift */; };
		F865DB7D7F787DD945326BA6 /* Application/AppNavigation.swift in Sources */ = {isa = PBXBuildFile; fileRef = B54B11C3DFA1C686E6B6AF38 /* Application/AppNavigation.swift */; };
		01357278E87488A50704F862 /* Application/ConnectionState+Preferences.swift in Sources */ = {isa = PBXBuildFile; fileRef = 663CB7525567058CB1C35306 /* Application/ConnectionState+Preferences.swift */; };
		439B9C6C1A7DE367C9F3924B /* Application/ConnectionState+Connection.swift in Sources */ = {isa = PBXBuildFile; fileRef = 10036C3BACF480C5794DAFEE /* Application/ConnectionState+Connection.swift */; };
		8BE9CBD40BFD041B7042C52E /* Application/ConnectionState+KeyBrowser.swift in Sources */ = {isa = PBXBuildFile; fileRef = 60EF99E12856CCC43E82E2BB /* Application/ConnectionState+KeyBrowser.swift */; };
		B1AED59A58308EED93593B40 /* Application/ConnectionState+Shell.swift in Sources */ = {isa = PBXBuildFile; fileRef = EE342F3B0E0C074C869BA16F /* Application/ConnectionState+Shell.swift */; };
		54857C7C66D87EF5CC23F244 /* Application/ConnectionState+Profiler.swift in Sources */ = {isa = PBXBuildFile; fileRef = 6E896A2BE4208032CB46914C /* Application/ConnectionState+Profiler.swift */; };
		351CFE6BEDC3FBBEF81093D2 /* Application/ConnectionState+ServerInfo.swift in Sources */ = {isa = PBXBuildFile; fileRef = A590DA6965842B47C2B666C4 /* Application/ConnectionState+ServerInfo.swift */; };
		CF6F27934F0499D08A3A867E /* Application/ConnectionState+Completions.swift in Sources */ = {isa = PBXBuildFile; fileRef = 6CC8C138EFAF41CE1D233E5B /* Application/ConnectionState+Completions.swift */; };
		057B6A6C484AE6189C6553B1 /* UI/Clipboard.swift in Sources */ = {isa = PBXBuildFile; fileRef = 6223746D934AF4A47B07CAB7 /* UI/Clipboard.swift */; };
		1EE8D581409B1B7A2AB96384 /* UI/KeyRow.swift in Sources */ = {isa = PBXBuildFile; fileRef = 307922DA0FD1DFBC0AE1C390 /* UI/KeyRow.swift */; };
		90AD1D72C1B73A0DFBEB14BC /* UI/KeyDetailView.swift in Sources */ = {isa = PBXBuildFile; fileRef = CFBF582DD63B199731500A76 /* UI/KeyDetailView.swift */; };
		30519E80DAA108581A7E0940 /* UI/StringDetailView.swift in Sources */ = {isa = PBXBuildFile; fileRef = E2D767E06402B486180E8833 /* UI/StringDetailView.swift */; };
		FAA3E1F18B30985AE358C5BF /* UI/CollectionDetailControls.swift in Sources */ = {isa = PBXBuildFile; fileRef = AF8415C586FF6FD461002505 /* UI/CollectionDetailControls.swift */; };
		A59DF5B6151F93A5CBF4453E /* UI/HashDetailView.swift in Sources */ = {isa = PBXBuildFile; fileRef = 710A7EA408D4C4107D58570D /* UI/HashDetailView.swift */; };
		F9356B862B03B07C3EC56A48 /* UI/ListDetailView.swift in Sources */ = {isa = PBXBuildFile; fileRef = B133F8196C81269D04A526BB /* UI/ListDetailView.swift */; };
		D2D28BF0BE748CE51D64A1F5 /* UI/SetDetailView.swift in Sources */ = {isa = PBXBuildFile; fileRef = B5F564BA2D1E0F1AD0B00339 /* UI/SetDetailView.swift */; };
		C04CD7C654C0F2EDF797682D /* UI/ZSetDetailView.swift in Sources */ = {isa = PBXBuildFile; fileRef = A157CCBF9ADB6B699C6416FA /* UI/ZSetDetailView.swift */; };
		59AC308B35EAC800725934A3 /* UI/KeyEditSheets.swift in Sources */ = {isa = PBXBuildFile; fileRef = 32A834210EBBC9DF44554827 /* UI/KeyEditSheets.swift */; };
		12E4521C5CF120098DD00D86 /* Application/AppLifecycle.swift in Sources */ = {isa = PBXBuildFile; fileRef = 34DCE9E49BA70BF20F6F82E8 /* Application/AppLifecycle.swift */; };
		3BC8D42C86FD17A97AF500D1 /* UI/TabSidebarView.swift in Sources */ = {isa = PBXBuildFile; fileRef = FEF0092A0D2058DD291ECD3F /* UI/TabSidebarView.swift */; };
		10693750F69F859FC4E80EB5 /* UI/ConnectingView.swift in Sources */ = {isa = PBXBuildFile; fileRef = 075617E28FD0E7BB40A29BCF /* UI/ConnectingView.swift */; };
		5229483C61015293F62DB68B /* UI/WelcomeView.swift in Sources */ = {isa = PBXBuildFile; fileRef = EED2F3356F2FD347D2FE4EA4 /* UI/WelcomeView.swift */; };
		73DFE7FD90FC7B63E795E8C5 /* UI/ConnectionDetailView.swift in Sources */ = {isa = PBXBuildFile; fileRef = FF94C12BB25368F858F2D60A /* UI/ConnectionDetailView.swift */; };
		ACB9A5A0F74DD02D7C5C6927 /* UI/ConnectionRow.swift in Sources */ = {isa = PBXBuildFile; fileRef = 47D8EAB9242B4058BB99D900 /* UI/ConnectionRow.swift */; };
/* End PBXBuildFile section */

/* Begin PBXFileReference section */
		05662699AFF90DD439C2E9F5 /* Infrastructure/KeychainStore.swift */ = {isa = PBXFileReference; lastKnownFileType = sourcecode.swift; path = Infrastructure/KeychainStore.swift; sourceTree = "<group>"; };
		05BE6CF64F60ACC797244A8A /* Application/AppTheme.swift */ = {isa = PBXFileReference; lastKnownFileType = sourcecode.swift; path = Application/AppTheme.swift; sourceTree = "<group>"; };
		192713478BAB4601F8037492 /* Redis/RESPParser.swift */ = {isa = PBXFileReference; lastKnownFileType = sourcecode.swift; path = Redis/RESPParser.swift; sourceTree = "<group>"; };
		288450F3CEC2CFCC1BF4B8C8 /* UI/ServerInfoView.swift */ = {isa = PBXFileReference; lastKnownFileType = sourcecode.swift; path = UI/ServerInfoView.swift; sourceTree = "<group>"; };
		34157211EC112A834E4073C9 /* RedisConsole.app */ = {isa = PBXFileReference; explicitFileType = wrapper.application; includeInIndex = 0; path = RedisConsole.app; sourceTree = BUILT_PRODUCTS_DIR; };
		4A8D6099DE77854253F3FD15 /* UI/ShellView.swift */ = {isa = PBXFileReference; lastKnownFileType = sourcecode.swift; path = UI/ShellView.swift; sourceTree = "<group>"; };
		6AC6C4B80F017969CEB19B06 /* SSH/SSHTunnel.swift */ = {isa = PBXFileReference; lastKnownFileType = sourcecode.swift; path = SSH/SSHTunnel.swift; sourceTree = "<group>"; };
		6FC45097D404559C7802F7F8 /* Redis/RedisClient.swift */ = {isa = PBXFileReference; lastKnownFileType = sourcecode.swift; path = Redis/RedisClient.swift; sourceTree = "<group>"; };
		89E8633A52269F80A7F6FDA1 /* Application/AppLogger.swift */ = {isa = PBXFileReference; lastKnownFileType = sourcecode.swift; path = Application/AppLogger.swift; sourceTree = "<group>"; };
		C1A5F0E7A4B94C3D9E613001 /* Redis/RedisClusterClient.swift */ = {isa = PBXFileReference; lastKnownFileType = sourcecode.swift; path = Redis/RedisClusterClient.swift; sourceTree = "<group>"; };
		E31A8F9B6C2D4A5F90123457 /* Redis/RedisMonitorClient.swift */ = {isa = PBXFileReference; lastKnownFileType = sourcecode.swift; path = Redis/RedisMonitorClient.swift; sourceTree = "<group>"; };
		CF606A6964524077E9B2C2AC /* UI/ContentView.swift */ = {isa = PBXFileReference; lastKnownFileType = sourcecode.swift; path = UI/ContentView.swift; sourceTree = "<group>"; };
		D620F14F7D75D74C01119464 /* Application/AppState.swift */ = {isa = PBXFileReference; lastKnownFileType = sourcecode.swift; path = Application/AppState.swift; sourceTree = "<group>"; };
		E1202E9EAD648CAADB72313E /* Infrastructure/AsyncTimeout.swift */ = {isa = PBXFileReference; lastKnownFileType = sourcecode.swift; path = Infrastructure/AsyncTimeout.swift; sourceTree = "<group>"; };
		E31A8F9B6C2D4A5F90123459 /* UI/ProfilerView.swift */ = {isa = PBXFileReference; lastKnownFileType = sourcecode.swift; path = UI/ProfilerView.swift; sourceTree = "<group>"; };
		EC5F6AF1EE8514832416133F /* swift-nio-ssh */ = {isa = PBXFileReference; lastKnownFileType = folder; name = "swift-nio-ssh"; path = "Vendor/swift-nio-ssh"; sourceTree = SOURCE_ROOT; };
		FACEB586CD12D0873A8718B1 /* UI/BrowserView.swift */ = {isa = PBXFileReference; lastKnownFileType = sourcecode.swift; path = UI/BrowserView.swift; sourceTree = "<group>"; };
		F9E8D7C6B5A43210FEDCBA09 /* UI/PersistentSplitView.swift */ = {isa = PBXFileReference; lastKnownFileType = sourcecode.swift; path = UI/PersistentSplitView.swift; sourceTree = "<group>"; };
		88C421BA492019C7EFFFFEC2 /* Assets.xcassets */ = {isa = PBXFileReference; lastKnownFileType = folder.assetcatalog; name = Assets.xcassets; path = Assets.xcassets; sourceTree = SOURCE_ROOT; };
		B8284803F8863D0A2876D242 /* Application/ConnectionModels.swift */ = {isa = PBXFileReference; lastKnownFileType = sourcecode.swift; path = Application/ConnectionModels.swift; sourceTree = "<group>"; };
		710CED61DCB593AB5FAB3D09 /* Application/RedisKeyModels.swift */ = {isa = PBXFileReference; lastKnownFileType = sourcecode.swift; path = Application/RedisKeyModels.swift; sourceTree = "<group>"; };
		7AD6F67E69F6D7F21DBA9918 /* Application/ShellHistoryEntry.swift */ = {isa = PBXFileReference; lastKnownFileType = sourcecode.swift; path = Application/ShellHistoryEntry.swift; sourceTree = "<group>"; };
		17A045CD0D1ACB98D3834EB9 /* Application/RedisProfilerModels.swift */ = {isa = PBXFileReference; lastKnownFileType = sourcecode.swift; path = Application/RedisProfilerModels.swift; sourceTree = "<group>"; };
		F59767EE7E02A667EEC3A156 /* Application/AppStore.swift */ = {isa = PBXFileReference; lastKnownFileType = sourcecode.swift; path = Application/AppStore.swift; sourceTree = "<group>"; };
		B54B11C3DFA1C686E6B6AF38 /* Application/AppNavigation.swift */ = {isa = PBXFileReference; lastKnownFileType = sourcecode.swift; path = Application/AppNavigation.swift; sourceTree = "<group>"; };
		663CB7525567058CB1C35306 /* Application/ConnectionState+Preferences.swift */ = {isa = PBXFileReference; lastKnownFileType = sourcecode.swift; path = "Application/ConnectionState+Preferences.swift"; sourceTree = "<group>"; };
		10036C3BACF480C5794DAFEE /* Application/ConnectionState+Connection.swift */ = {isa = PBXFileReference; lastKnownFileType = sourcecode.swift; path = "Application/ConnectionState+Connection.swift"; sourceTree = "<group>"; };
		60EF99E12856CCC43E82E2BB /* Application/ConnectionState+KeyBrowser.swift */ = {isa = PBXFileReference; lastKnownFileType = sourcecode.swift; path = "Application/ConnectionState+KeyBrowser.swift"; sourceTree = "<group>"; };
		EE342F3B0E0C074C869BA16F /* Application/ConnectionState+Shell.swift */ = {isa = PBXFileReference; lastKnownFileType = sourcecode.swift; path = "Application/ConnectionState+Shell.swift"; sourceTree = "<group>"; };
		6E896A2BE4208032CB46914C /* Application/ConnectionState+Profiler.swift */ = {isa = PBXFileReference; lastKnownFileType = sourcecode.swift; path = "Application/ConnectionState+Profiler.swift"; sourceTree = "<group>"; };
		A590DA6965842B47C2B666C4 /* Application/ConnectionState+ServerInfo.swift */ = {isa = PBXFileReference; lastKnownFileType = sourcecode.swift; path = "Application/ConnectionState+ServerInfo.swift"; sourceTree = "<group>"; };
		6CC8C138EFAF41CE1D233E5B /* Application/ConnectionState+Completions.swift */ = {isa = PBXFileReference; lastKnownFileType = sourcecode.swift; path = "Application/ConnectionState+Completions.swift"; sourceTree = "<group>"; };
		6223746D934AF4A47B07CAB7 /* UI/Clipboard.swift */ = {isa = PBXFileReference; lastKnownFileType = sourcecode.swift; path = UI/Clipboard.swift; sourceTree = "<group>"; };
		307922DA0FD1DFBC0AE1C390 /* UI/KeyRow.swift */ = {isa = PBXFileReference; lastKnownFileType = sourcecode.swift; path = UI/KeyRow.swift; sourceTree = "<group>"; };
		CFBF582DD63B199731500A76 /* UI/KeyDetailView.swift */ = {isa = PBXFileReference; lastKnownFileType = sourcecode.swift; path = UI/KeyDetailView.swift; sourceTree = "<group>"; };
		E2D767E06402B486180E8833 /* UI/StringDetailView.swift */ = {isa = PBXFileReference; lastKnownFileType = sourcecode.swift; path = UI/StringDetailView.swift; sourceTree = "<group>"; };
		AF8415C586FF6FD461002505 /* UI/CollectionDetailControls.swift */ = {isa = PBXFileReference; lastKnownFileType = sourcecode.swift; path = UI/CollectionDetailControls.swift; sourceTree = "<group>"; };
		710A7EA408D4C4107D58570D /* UI/HashDetailView.swift */ = {isa = PBXFileReference; lastKnownFileType = sourcecode.swift; path = UI/HashDetailView.swift; sourceTree = "<group>"; };
		B133F8196C81269D04A526BB /* UI/ListDetailView.swift */ = {isa = PBXFileReference; lastKnownFileType = sourcecode.swift; path = UI/ListDetailView.swift; sourceTree = "<group>"; };
		B5F564BA2D1E0F1AD0B00339 /* UI/SetDetailView.swift */ = {isa = PBXFileReference; lastKnownFileType = sourcecode.swift; path = UI/SetDetailView.swift; sourceTree = "<group>"; };
		A157CCBF9ADB6B699C6416FA /* UI/ZSetDetailView.swift */ = {isa = PBXFileReference; lastKnownFileType = sourcecode.swift; path = UI/ZSetDetailView.swift; sourceTree = "<group>"; };
		32A834210EBBC9DF44554827 /* UI/KeyEditSheets.swift */ = {isa = PBXFileReference; lastKnownFileType = sourcecode.swift; path = UI/KeyEditSheets.swift; sourceTree = "<group>"; };
		34DCE9E49BA70BF20F6F82E8 /* Application/AppLifecycle.swift */ = {isa = PBXFileReference; lastKnownFileType = sourcecode.swift; path = Application/AppLifecycle.swift; sourceTree = "<group>"; };
		FEF0092A0D2058DD291ECD3F /* UI/TabSidebarView.swift */ = {isa = PBXFileReference; lastKnownFileType = sourcecode.swift; path = UI/TabSidebarView.swift; sourceTree = "<group>"; };
		075617E28FD0E7BB40A29BCF /* UI/ConnectingView.swift */ = {isa = PBXFileReference; lastKnownFileType = sourcecode.swift; path = UI/ConnectingView.swift; sourceTree = "<group>"; };
		EED2F3356F2FD347D2FE4EA4 /* UI/WelcomeView.swift */ = {isa = PBXFileReference; lastKnownFileType = sourcecode.swift; path = UI/WelcomeView.swift; sourceTree = "<group>"; };
		FF94C12BB25368F858F2D60A /* UI/ConnectionDetailView.swift */ = {isa = PBXFileReference; lastKnownFileType = sourcecode.swift; path = UI/ConnectionDetailView.swift; sourceTree = "<group>"; };
		47D8EAB9242B4058BB99D900 /* UI/ConnectionRow.swift */ = {isa = PBXFileReference; lastKnownFileType = sourcecode.swift; path = UI/ConnectionRow.swift; sourceTree = "<group>"; };
/* End PBXFileReference section */

/* Begin PBXFrameworksBuildPhase section */
		107D1B0E6473A23309C0DEA1 /* Frameworks */ = {
			isa = PBXFrameworksBuildPhase;
			buildActionMask = 2147483647;
			files = (
				B9C592A7C9F4F9D39812897B /* NIOSSH in Frameworks */,
			);
			runOnlyForDeploymentPostprocessing = 0;
		};
/* End PBXFrameworksBuildPhase section */

/* Begin PBXGroup section */
		0F2812CECCF9A2C39AD8DE80 /* RedisConsole */ = {
			isa = PBXGroup;
			children = (
			89E8633A52269F80A7F6FDA1 /* Application/AppLogger.swift */,
				D620F14F7D75D74C01119464 /* Application/AppState.swift */,
				B8284803F8863D0A2876D242 /* Application/ConnectionModels.swift */,
				710CED61DCB593AB5FAB3D09 /* Application/RedisKeyModels.swift */,
				7AD6F67E69F6D7F21DBA9918 /* Application/ShellHistoryEntry.swift */,
				17A045CD0D1ACB98D3834EB9 /* Application/RedisProfilerModels.swift */,
				F59767EE7E02A667EEC3A156 /* Application/AppStore.swift */,
				B54B11C3DFA1C686E6B6AF38 /* Application/AppNavigation.swift */,
				663CB7525567058CB1C35306 /* Application/ConnectionState+Preferences.swift */,
				10036C3BACF480C5794DAFEE /* Application/ConnectionState+Connection.swift */,
				60EF99E12856CCC43E82E2BB /* Application/ConnectionState+KeyBrowser.swift */,
				EE342F3B0E0C074C869BA16F /* Application/ConnectionState+Shell.swift */,
				6E896A2BE4208032CB46914C /* Application/ConnectionState+Profiler.swift */,
				A590DA6965842B47C2B666C4 /* Application/ConnectionState+ServerInfo.swift */,
				6CC8C138EFAF41CE1D233E5B /* Application/ConnectionState+Completions.swift */,
				6223746D934AF4A47B07CAB7 /* UI/Clipboard.swift */,
				307922DA0FD1DFBC0AE1C390 /* UI/KeyRow.swift */,
				CFBF582DD63B199731500A76 /* UI/KeyDetailView.swift */,
				E2D767E06402B486180E8833 /* UI/StringDetailView.swift */,
				AF8415C586FF6FD461002505 /* UI/CollectionDetailControls.swift */,
				710A7EA408D4C4107D58570D /* UI/HashDetailView.swift */,
				B133F8196C81269D04A526BB /* UI/ListDetailView.swift */,
				B5F564BA2D1E0F1AD0B00339 /* UI/SetDetailView.swift */,
				A157CCBF9ADB6B699C6416FA /* UI/ZSetDetailView.swift */,
				32A834210EBBC9DF44554827 /* UI/KeyEditSheets.swift */,
				34DCE9E49BA70BF20F6F82E8 /* Application/AppLifecycle.swift */,
				FEF0092A0D2058DD291ECD3F /* UI/TabSidebarView.swift */,
				075617E28FD0E7BB40A29BCF /* UI/ConnectingView.swift */,
				EED2F3356F2FD347D2FE4EA4 /* UI/WelcomeView.swift */,
				FF94C12BB25368F858F2D60A /* UI/ConnectionDetailView.swift */,
				47D8EAB9242B4058BB99D900 /* UI/ConnectionRow.swift */,
				05BE6CF64F60ACC797244A8A /* Application/AppTheme.swift */,
				E1202E9EAD648CAADB72313E /* Infrastructure/AsyncTimeout.swift */,
				FACEB586CD12D0873A8718B1 /* UI/BrowserView.swift */,
				F9E8D7C6B5A43210FEDCBA09 /* UI/PersistentSplitView.swift */,
				CF606A6964524077E9B2C2AC /* UI/ContentView.swift */,
				E31A8F9B6C2D4A5F90123459 /* UI/ProfilerView.swift */,
				05662699AFF90DD439C2E9F5 /* Infrastructure/KeychainStore.swift */,
				C1A5F0E7A4B94C3D9E613001 /* Redis/RedisClusterClient.swift */,
				6FC45097D404559C7802F7F8 /* Redis/RedisClient.swift */,
				E31A8F9B6C2D4A5F90123457 /* Redis/RedisMonitorClient.swift */,
				192713478BAB4601F8037492 /* Redis/RESPParser.swift */,
				288450F3CEC2CFCC1BF4B8C8 /* UI/ServerInfoView.swift */,
				4A8D6099DE77854253F3FD15 /* UI/ShellView.swift */,
				6AC6C4B80F017969CEB19B06 /* SSH/SSHTunnel.swift */,
			);
			path = RedisConsole;
			sourceTree = "<group>";
		};
		B3D974DB8863C491649CE938 /* Packages */ = {
			isa = PBXGroup;
			children = (
				EC5F6AF1EE8514832416133F /* swift-nio-ssh */,
			);
			name = Packages;
			sourceTree = "<group>";
		};
		CBC7648DD685A71D5D0DA5CE /* Products */ = {
			isa = PBXGroup;
			children = (
				34157211EC112A834E4073C9 /* RedisConsole.app */,
			);
			name = Products;
			sourceTree = "<group>";
		};
		E4CC206328F4F250C17D5DA5 = {
			isa = PBXGroup;
			children = (
				88C421BA492019C7EFFFFEC2 /* Assets.xcassets */,
				B3D974DB8863C491649CE938 /* Packages */,
				EBBB9DD78140920F3F35D5A6 /* Sources */,
				CBC7648DD685A71D5D0DA5CE /* Products */,
);
			sourceTree = "<group>";
		};
		EBBB9DD78140920F3F35D5A6 /* Sources */ = {
			isa = PBXGroup;
			children = (
				0F2812CECCF9A2C39AD8DE80 /* RedisConsole */,
			);
			path = Sources;
			sourceTree = "<group>";
		};
/* End PBXGroup section */

/* Begin PBXNativeTarget section */
		BB93DA1DE052699890633FD1 /* RedisConsole */ = {
			isa = PBXNativeTarget;
			buildConfigurationList = E86C4C52E6E99946D8C66204 /* Build configuration list for PBXNativeTarget "RedisConsole" */;
			buildPhases = (
				5DD21926085FF34100EBEC5D /* Sources */,
				107D1B0E6473A23309C0DEA1 /* Frameworks */,
				B0D18C7A3823D8F1CF5998A3 /* Resources */,
			);
			buildRules = (
			);
			dependencies = (
			);
			name = RedisConsole;
			packageProductDependencies = (
				6FBB135E6C4D2D0FB8D15AC7 /* NIOSSH */,
			);
			productName = RedisConsole;
			productReference = 34157211EC112A834E4073C9 /* RedisConsole.app */;
			productType = "com.apple.product-type.application";
		};
/* End PBXNativeTarget section */

/* Begin PBXProject section */
		B03968E34D94ABAFB37875CE /* Project object */ = {
			isa = PBXProject;
			attributes = {
				BuildIndependentTargetsInParallel = YES;
				LastUpgradeCheck = 1430;
			};
			buildConfigurationList = 111F38255585C4A9001B8D7B /* Build configuration list for PBXProject "RedisConsole" */;
			developmentRegion = en;
			hasScannedForEncodings = 0;
			knownRegions = (
				Base,
				en,
			);
			mainGroup = E4CC206328F4F250C17D5DA5;
			minimizedProjectReferenceProxies = 1;
			packageReferences = (
				6314E9EE4C496B693C196D78 /* XCLocalSwiftPackageReference "Vendor/swift-nio-ssh" */,
			);
			preferredProjectObjectVersion = 77;
			productRefGroup = CBC7648DD685A71D5D0DA5CE /* Products */;
			projectDirPath = "";
			projectRoot = "";
			targets = (
				BB93DA1DE052699890633FD1 /* RedisConsole */,
			);
		};
/* End PBXProject section */

/* Begin PBXSourcesBuildPhase section */
		5DD21926085FF34100EBEC5D /* Sources */ = {
			isa = PBXSourcesBuildPhase;
			buildActionMask = 2147483647;
			files = (
				F0DD9FE630F55BD002EE819B /* Application/AppLogger.swift in Sources */,
				BE71ED9FA189175A079FB476 /* Application/AppState.swift in Sources */,
				C4166411BD7E73C24B17A9B2 /* Application/ConnectionModels.swift in Sources */,
				A871A43D5B5961206589CE85 /* Application/RedisKeyModels.swift in Sources */,
				17D52614402A8F13019977E4 /* Application/ShellHistoryEntry.swift in Sources */,
				1308F6C13A5CC23A9D3F8CA7 /* Application/RedisProfilerModels.swift in Sources */,
				38CC641D3286AA0C9E3F13BA /* Application/AppStore.swift in Sources */,
				F865DB7D7F787DD945326BA6 /* Application/AppNavigation.swift in Sources */,
				01357278E87488A50704F862 /* Application/ConnectionState+Preferences.swift in Sources */,
				439B9C6C1A7DE367C9F3924B /* Application/ConnectionState+Connection.swift in Sources */,
				8BE9CBD40BFD041B7042C52E /* Application/ConnectionState+KeyBrowser.swift in Sources */,
				B1AED59A58308EED93593B40 /* Application/ConnectionState+Shell.swift in Sources */,
				54857C7C66D87EF5CC23F244 /* Application/ConnectionState+Profiler.swift in Sources */,
				351CFE6BEDC3FBBEF81093D2 /* Application/ConnectionState+ServerInfo.swift in Sources */,
				CF6F27934F0499D08A3A867E /* Application/ConnectionState+Completions.swift in Sources */,
				057B6A6C484AE6189C6553B1 /* UI/Clipboard.swift in Sources */,
				1EE8D581409B1B7A2AB96384 /* UI/KeyRow.swift in Sources */,
				90AD1D72C1B73A0DFBEB14BC /* UI/KeyDetailView.swift in Sources */,
				30519E80DAA108581A7E0940 /* UI/StringDetailView.swift in Sources */,
				FAA3E1F18B30985AE358C5BF /* UI/CollectionDetailControls.swift in Sources */,
				A59DF5B6151F93A5CBF4453E /* UI/HashDetailView.swift in Sources */,
				F9356B862B03B07C3EC56A48 /* UI/ListDetailView.swift in Sources */,
				D2D28BF0BE748CE51D64A1F5 /* UI/SetDetailView.swift in Sources */,
				C04CD7C654C0F2EDF797682D /* UI/ZSetDetailView.swift in Sources */,
				59AC308B35EAC800725934A3 /* UI/KeyEditSheets.swift in Sources */,
				12E4521C5CF120098DD00D86 /* Application/AppLifecycle.swift in Sources */,
				3BC8D42C86FD17A97AF500D1 /* UI/TabSidebarView.swift in Sources */,
				10693750F69F859FC4E80EB5 /* UI/ConnectingView.swift in Sources */,
				5229483C61015293F62DB68B /* UI/WelcomeView.swift in Sources */,
				73DFE7FD90FC7B63E795E8C5 /* UI/ConnectionDetailView.swift in Sources */,
				ACB9A5A0F74DD02D7C5C6927 /* UI/ConnectionRow.swift in Sources */,
				8EB4B86D1FCDB0A2C0F4451A /* Application/AppTheme.swift in Sources */,
				7EEE9F0E74615C5D4FBC55CD /* Infrastructure/AsyncTimeout.swift in Sources */,
				D88BEDDC62ACB7432ACD4694 /* UI/BrowserView.swift in Sources */,
				A1B2C3D4E5F6789012345678 /* UI/PersistentSplitView.swift in Sources */,
				08CAE39503D01547D187531D /* UI/ContentView.swift in Sources */,
				491A36E51AE41F8C761D6514 /* Infrastructure/KeychainStore.swift in Sources */,
				C1A5F0E7A4B94C3D9E613002 /* Redis/RedisClusterClient.swift in Sources */,
				9FB4F5632F37B1E97961E43E /* Redis/RESPParser.swift in Sources */,
				AB6F7C1F3AC67F0D90BD9528 /* Redis/RedisClient.swift in Sources */,
				E31A8F9B6C2D4A5F90123456 /* Redis/RedisMonitorClient.swift in Sources */,
				0CDB668F1E8A810797CB0465 /* SSH/SSHTunnel.swift in Sources */,
				E31A8F9B6C2D4A5F90123458 /* UI/ProfilerView.swift in Sources */,
				6344D9938425496018D4A0B5 /* UI/ServerInfoView.swift in Sources */,
				D6C7D69ABDED21BD3BD0090B /* UI/ShellView.swift in Sources */,
			);
			runOnlyForDeploymentPostprocessing = 0;
		};
/* End PBXSourcesBuildPhase section */

/* Begin PBXResourcesBuildPhase section */
		B0D18C7A3823D8F1CF5998A3 /* Resources */ = {
			isa = PBXResourcesBuildPhase;
			buildActionMask = 2147483647;
			files = (
				08095B79379073E5CDB6A8AF /* Assets.xcassets in Resources */,
			);
			runOnlyForDeploymentPostprocessing = 0;
		};
/* End PBXResourcesBuildPhase section */

/* Begin XCBuildConfiguration section */
		2B5AD09BA69DA97463912AAE /* Debug */ = {
			isa = XCBuildConfiguration;
			buildSettings = {
				ALWAYS_SEARCH_USER_PATHS = NO;
				CLANG_ANALYZER_NONNULL = YES;
				CLANG_ANALYZER_NUMBER_OBJECT_CONVERSION = YES_AGGRESSIVE;
				CLANG_CXX_LANGUAGE_STANDARD = "gnu++14";
				CLANG_CXX_LIBRARY = "libc++";
				CLANG_ENABLE_MODULES = YES;
				CLANG_ENABLE_OBJC_ARC = YES;
				CLANG_ENABLE_OBJC_WEAK = YES;
				CLANG_WARN_BLOCK_CAPTURE_AUTORELEASING = YES;
				CLANG_WARN_BOOL_CONVERSION = YES;
				CLANG_WARN_COMMA = YES;
				CLANG_WARN_CONSTANT_CONVERSION = YES;
				CLANG_WARN_DEPRECATED_OBJC_IMPLEMENTATIONS = YES;
				CLANG_WARN_DIRECT_OBJC_ISA_USAGE = YES_ERROR;
				CLANG_WARN_DOCUMENTATION_COMMENTS = YES;
				CLANG_WARN_EMPTY_BODY = YES;
				CLANG_WARN_ENUM_CONVERSION = YES;
				CLANG_WARN_INFINITE_RECURSION = YES;
				CLANG_WARN_INT_CONVERSION = YES;
				CLANG_WARN_NON_LITERAL_NULL_CONVERSION = YES;
				CLANG_WARN_OBJC_IMPLICIT_RETAIN_SELF = YES;
				CLANG_WARN_OBJC_LITERAL_CONVERSION = YES;
				CLANG_WARN_OBJC_ROOT_CLASS = YES_ERROR;
				CLANG_WARN_QUOTED_INCLUDE_IN_FRAMEWORK_HEADER = YES;
				CLANG_WARN_RANGE_LOOP_ANALYSIS = YES;
				CLANG_WARN_STRICT_PROTOTYPES = YES;
				CLANG_WARN_SUSPICIOUS_MOVE = YES;
				CLANG_WARN_UNGUARDED_AVAILABILITY = YES_AGGRESSIVE;
				CLANG_WARN_UNREACHABLE_CODE = YES;
				CLANG_WARN__DUPLICATE_METHOD_MATCH = YES;
				COPY_PHASE_STRIP = NO;
				DEBUG_INFORMATION_FORMAT = dwarf;
				ENABLE_STRICT_OBJC_MSGSEND = YES;
				ENABLE_TESTABILITY = YES;
				EXCLUDED_ARCHS = x86_64;
				GCC_C_LANGUAGE_STANDARD = gnu11;
				GCC_DYNAMIC_NO_PIC = NO;
				GCC_NO_COMMON_BLOCKS = YES;
				GCC_OPTIMIZATION_LEVEL = 0;
				GCC_PREPROCESSOR_DEFINITIONS = (
					"$(inherited)",
					"DEBUG=1",
				);
				GCC_WARN_64_TO_32_BIT_CONVERSION = YES;
				GCC_WARN_ABOUT_RETURN_TYPE = YES_ERROR;
				GCC_WARN_UNDECLARED_SELECTOR = YES;
				GCC_WARN_UNINITIALIZED_AUTOS = YES_AGGRESSIVE;
				GCC_WARN_UNUSED_FUNCTION = YES;
				GCC_WARN_UNUSED_VARIABLE = YES;
				MACOSX_DEPLOYMENT_TARGET = 26.0;
				MTL_ENABLE_DEBUG_INFO = INCLUDE_SOURCE;
				MTL_FAST_MATH = YES;
				ONLY_ACTIVE_ARCH = YES;
				PRODUCT_BUNDLE_IDENTIFIER = redis.console;
				PRODUCT_NAME = "$(TARGET_NAME)";
				SDKROOT = macosx;
				SWIFT_ACTIVE_COMPILATION_CONDITIONS = DEBUG;
				SWIFT_OPTIMIZATION_LEVEL = "-Onone";
				SWIFT_VERSION = 6.3;
			};
			name = Debug;
		};
		3363820C7CB1D380067B3186 /* Release */ = {
			isa = XCBuildConfiguration;
			buildSettings = {
				ARCHS = arm64;
				ASSETCATALOG_COMPILER_APPICON_NAME = RedisConsole;
				ASSETCATALOG_COMPILER_INCLUDE_ALL_APPICON_ASSETS = YES;
				CODE_SIGN_ENTITLEMENTS = Resources/RedisConsole.entitlements;
				CODE_SIGN_IDENTITY = "Apple Development";
				CODE_SIGN_STYLE = Automatic;
				COMBINE_HIDPI_IMAGES = YES;
				DEVELOPMENT_TEAM = Q6F678BLZJ;
				INFOPLIST_FILE = "Resources/RedisConsole-Info.plist";
				LD_RUNPATH_SEARCH_PATHS = (
					"$(inherited)",
					"@executable_path/../Frameworks",
				);
				PROVISIONING_PROFILE_SPECIFIER = "";
				SDKROOT = macosx;
			};
			name = Release;
		};
		90C99F6D7952369DB2D68ACC /* Debug */ = {
			isa = XCBuildConfiguration;
			buildSettings = {
				ARCHS = arm64;
				ASSETCATALOG_COMPILER_APPICON_NAME = RedisConsole;
				ASSETCATALOG_COMPILER_INCLUDE_ALL_APPICON_ASSETS = YES;
				CODE_SIGN_ENTITLEMENTS = Resources/RedisConsole.entitlements;
				CODE_SIGN_IDENTITY = "Apple Development";
				CODE_SIGN_STYLE = Automatic;
				COMBINE_HIDPI_IMAGES = YES;
				DEVELOPMENT_TEAM = Q6F678BLZJ;
				INFOPLIST_FILE = "Resources/RedisConsole-Info.plist";
				LD_RUNPATH_SEARCH_PATHS = (
					"$(inherited)",
					"@executable_path/../Frameworks",
				);
				PROVISIONING_PROFILE_SPECIFIER = "";
				SDKROOT = macosx;
			};
			name = Debug;
		};
		98DE6C7B1302C1E98AA9A634 /* Release */ = {
			isa = XCBuildConfiguration;
			buildSettings = {
				ALWAYS_SEARCH_USER_PATHS = NO;
				CLANG_ANALYZER_NONNULL = YES;
				CLANG_ANALYZER_NUMBER_OBJECT_CONVERSION = YES_AGGRESSIVE;
				CLANG_CXX_LANGUAGE_STANDARD = "gnu++14";
				CLANG_CXX_LIBRARY = "libc++";
				CLANG_ENABLE_MODULES = YES;
				CLANG_ENABLE_OBJC_ARC = YES;
				CLANG_ENABLE_OBJC_WEAK = YES;
				CLANG_WARN_BLOCK_CAPTURE_AUTORELEASING = YES;
				CLANG_WARN_BOOL_CONVERSION = YES;
				CLANG_WARN_COMMA = YES;
				CLANG_WARN_CONSTANT_CONVERSION = YES;
				CLANG_WARN_DEPRECATED_OBJC_IMPLEMENTATIONS = YES;
				CLANG_WARN_DIRECT_OBJC_ISA_USAGE = YES_ERROR;
				CLANG_WARN_DOCUMENTATION_COMMENTS = YES;
				CLANG_WARN_EMPTY_BODY = YES;
				CLANG_WARN_ENUM_CONVERSION = YES;
				CLANG_WARN_INFINITE_RECURSION = YES;
				CLANG_WARN_INT_CONVERSION = YES;
				CLANG_WARN_NON_LITERAL_NULL_CONVERSION = YES;
				CLANG_WARN_OBJC_IMPLICIT_RETAIN_SELF = YES;
				CLANG_WARN_OBJC_LITERAL_CONVERSION = YES;
				CLANG_WARN_OBJC_ROOT_CLASS = YES_ERROR;
				CLANG_WARN_QUOTED_INCLUDE_IN_FRAMEWORK_HEADER = YES;
				CLANG_WARN_RANGE_LOOP_ANALYSIS = YES;
				CLANG_WARN_STRICT_PROTOTYPES = YES;
				CLANG_WARN_SUSPICIOUS_MOVE = YES;
				CLANG_WARN_UNGUARDED_AVAILABILITY = YES_AGGRESSIVE;
				CLANG_WARN_UNREACHABLE_CODE = YES;
				CLANG_WARN__DUPLICATE_METHOD_MATCH = YES;
				COPY_PHASE_STRIP = NO;
				DEBUG_INFORMATION_FORMAT = "dwarf-with-dsym";
				ENABLE_NS_ASSERTIONS = NO;
				ENABLE_STRICT_OBJC_MSGSEND = YES;
				EXCLUDED_ARCHS = x86_64;
				GCC_C_LANGUAGE_STANDARD = gnu11;
				GCC_NO_COMMON_BLOCKS = YES;
				GCC_WARN_64_TO_32_BIT_CONVERSION = YES;
				GCC_WARN_ABOUT_RETURN_TYPE = YES_ERROR;
				GCC_WARN_UNDECLARED_SELECTOR = YES;
				GCC_WARN_UNINITIALIZED_AUTOS = YES_AGGRESSIVE;
				GCC_WARN_UNUSED_FUNCTION = YES;
				GCC_WARN_UNUSED_VARIABLE = YES;
				MACOSX_DEPLOYMENT_TARGET = 26.0;
				MTL_ENABLE_DEBUG_INFO = NO;
				MTL_FAST_MATH = YES;
				PRODUCT_BUNDLE_IDENTIFIER = redis.console;
				PRODUCT_NAME = "$(TARGET_NAME)";
				SDKROOT = macosx;
				SWIFT_COMPILATION_MODE = wholemodule;
				SWIFT_OPTIMIZATION_LEVEL = "-O";
				SWIFT_VERSION = 6.3;
			};
			name = Release;
		};
/* End XCBuildConfiguration section */

/* Begin XCConfigurationList section */
		111F38255585C4A9001B8D7B /* Build configuration list for PBXProject "RedisConsole" */ = {
			isa = XCConfigurationList;
			buildConfigurations = (
				2B5AD09BA69DA97463912AAE /* Debug */,
				98DE6C7B1302C1E98AA9A634 /* Release */,
			);
			defaultConfigurationIsVisible = 0;
			defaultConfigurationName = Debug;
		};
		E86C4C52E6E99946D8C66204 /* Build configuration list for PBXNativeTarget "RedisConsole" */ = {
			isa = XCConfigurationList;
			buildConfigurations = (
				90C99F6D7952369DB2D68ACC /* Debug */,
				3363820C7CB1D380067B3186 /* Release */,
			);
			defaultConfigurationIsVisible = 0;
			defaultConfigurationName = Debug;
		};
/* End XCConfigurationList section */

/* Begin XCLocalSwiftPackageReference section */
		6314E9EE4C496B693C196D78 /* XCLocalSwiftPackageReference "Vendor/swift-nio-ssh" */ = {
			isa = XCLocalSwiftPackageReference;
			relativePath = "Vendor/swift-nio-ssh";
		};
/* End XCLocalSwiftPackageReference section */

/* Begin XCSwiftPackageProductDependency section */
		6FBB135E6C4D2D0FB8D15AC7 /* NIOSSH */ = {
			isa = XCSwiftPackageProductDependency;
			productName = NIOSSH;
		};
/* End XCSwiftPackageProductDependency section */
	};
	rootObject = B03968E34D94ABAFB37875CE /* Project object */;
}
